
Microsoft Visual Studio Solution File, Format Version 12.00
# Visual Studio 2013
VisualStudioVersion = 12.0.30723.0
MinimumVisualStudioVersion = 10.0.40219.1
Project("{FAE04EC0-301F-11D3-BF4B-00C04F79EFBC}") = "CarConstructor", "CarConstructor.csproj", "{0FD8C28D-A9C5-416D-801A-8A831693AFAC}"
EndProject
Project("{F088123C-0E9E-452A-89E6-6BA2F21D5CAC}") = "ModelingProject1", "..\ModelingProject1\ModelingProject1.modelproj", "{F9E9B993-BC1C-4C7E-B7C4-4B5EBBDA6BE1}"
EndProject
Global
	GlobalSection(SolutionConfigurationPlatforms) = preSolution
		Debug|Any CPU = Debug|Any CPU
		Release|Any CPU = Release|Any CPU
	EndGlobalSection
	GlobalSection(ProjectConfigurationPlatforms) = postSolution
		{0FD8C28D-A9C5-416D-801A-8A831693AFAC}.Debug|Any CPU.ActiveCfg = Debug|Any CPU
		{0FD8C28D-A9C5-416D-801A-8A831693AFAC}.Debug|Any CPU.Build.0 = Debug|Any CPU
		{0FD8C28D-A9C5-416D-801A-8A831693AFAC}.Release|Any CPU.ActiveCfg = Release|Any CPU
		{0FD8C28D-A9C5-416D-801A-8A831693AFAC}.Release|Any CPU.Build.0 = Release|Any CPU
		{F9E9B993-BC1C-4C7E-B7C4-4B5EBBDA6BE1}.Debug|Any CPU.ActiveCfg = Debug|Any CPU
		{F9E9B993-BC1C-4C7E-B7C4-4B5EBBDA6BE1}.Debug|Any CPU.Build.0 = Debug|Any CPU
		{F9E9B993-BC1C-4C7E-B7C4-4B5EBBDA6BE1}.Release|Any CPU.ActiveCfg = Release|Any CPU
		{F9E9B993-BC1C-4C7E-B7C4-4B5EBBDA6BE1}.Release|Any CPU.Build.0 = Release|Any CPU
	EndGlobalSection
	GlobalSection(SolutionProperties) = preSolution
		HideSolutionNode = FALSE
	EndGlobalSection
EndGlobal
